
Microsoft Visual Studio Solution File, Format Version 12.00
# Visual Studio Version 17
VisualStudioVersion = 17.14.36518.9 d17.14
MinimumVisualStudioVersion = 10.0.40219.1
Project("{FAE04EC0-301F-11D3-BF4B-00C04F79EFBC}") = "Buga_Loredana_Labul2", "Buga_Loredana_Labul2.csproj", "{2EEC7334-FB73-4E0D-825A-F770B9A98B53}"
EndProject
Global
	GlobalSection(SolutionConfigurationPlatforms) = preSolution
		Debug|Any CPU = Debug|Any CPU
		Release|Any CPU = Release|Any CPU
	EndGlobalSection
	GlobalSection(ProjectConfigurationPlatforms) = postSolution
		{2EEC7334-FB73-4E0D-825A-F770B9A98B53}.Debug|Any CPU.ActiveCfg = Debug|Any CPU
		{2EEC7334-FB73-4E0D-825A-F770B9A98B53}.Debug|Any CPU.Build.0 = Debug|Any CPU
		{2EEC7334-FB73-4E0D-825A-F770B9A98B53}.Release|Any CPU.ActiveCfg = Release|Any CPU
		{2EEC7334-FB73-4E0D-825A-F770B9A98B53}.Release|Any CPU.Build.0 = Release|Any CPU
	EndGlobalSection
	GlobalSection(SolutionProperties) = preSolution
		HideSolutionNode = FALSE
	EndGlobalSection
	GlobalSection(ExtensibilityGlobals) = postSolution
		SolutionGuid = {B5A33E35-24CE-48A5-AF20-1DDF20D76FDC}
	EndGlobalSection
EndGlobal
